
Microsoft Visual Studio Solution File, Format Version 12.00
Project("{FAE04EC0-301F-11D3-BF4B-00C04F79EFBC}") = "ScanAssembly", "ScanAssembly\ScanAssembly.csproj", "{D19F73DC-35CB-4158-A067-52E0DA83881D}"
EndProject
Global
	GlobalSection(SolutionConfigurationPlatforms) = preSolution
		Debug|Any CPU = Debug|Any CPU
		Release|Any CPU = Release|Any CPU
	EndGlobalSection
	GlobalSection(ProjectConfigurationPlatforms) = postSolution
		{D19F73DC-35CB-4158-A067-52E0DA83881D}.Debug|Any CPU.ActiveCfg = Debug|Any CPU
		{D19F73DC-35CB-4158-A067-52E0DA83881D}.Debug|Any CPU.Build.0 = Debug|Any CPU
		{D19F73DC-35CB-4158-A067-52E0DA83881D}.Release|Any CPU.ActiveCfg = Release|Any CPU
		{D19F73DC-35CB-4158-A067-52E0DA83881D}.Release|Any CPU.Build.0 = Release|Any CPU
	EndGlobalSection
EndGlobal
